
Microsoft Visual Studio Solution File, Format Version 12.00
# Visual Studio 15
VisualStudioVersion = 15.0.26228.4
MinimumVisualStudioVersion = 10.0.40219.1
Project("{2150E333-8FDC-42A3-9474-1A3956D46DE8}") = "src", "src", "{D14700EA-88C1-447F-B857-17E9A8E4E3AE}"
EndProject
Project("{2150E333-8FDC-42A3-9474-1A3956D46DE8}") = "Solution Items", "Solution Items", "{0CFDFEC5-BE57-49D1-A8FA-7BBA2FF704F7}"
EndProject
Project("{2150E333-8FDC-42A3-9474-1A3956D46DE8}") = "test", "test", "{B5909E03-7E00-4B64-BDEB-82850E340BF0}"
EndProject
Project("{9A19103F-16F7-4668-BE54-9A1E7A4F7556}") = "IdentityModel.AspNetCore.ScopeValidation", "src\IdentityModel.AspNetCore.ScopeValidation\IdentityModel.AspNetCore.ScopeValidation.csproj", "{50DD725C-8E33-4209-8309-742C6BF1BC6A}"
EndProject
Project("{9A19103F-16F7-4668-BE54-9A1E7A4F7556}") = "Tests", "test\Tests\Tests.csproj", "{C81BE9B9-D943-4982-918B-9FF3DD82EE68}"
EndProject
Global
	GlobalSection(SolutionConfigurationPlatforms) = preSolution
		Debug|Any CPU = Debug|Any CPU
		Release|Any CPU = Release|Any CPU
	EndGlobalSection
	GlobalSection(ProjectConfigurationPlatforms) = postSolution
		{50DD725C-8E33-4209-8309-742C6BF1BC6A}.Debug|Any CPU.ActiveCfg = Debug|Any CPU
		{50DD725C-8E33-4209-8309-742C6BF1BC6A}.Debug|Any CPU.Build.0 = Debug|Any CPU
		{50DD725C-8E33-4209-8309-742C6BF1BC6A}.Release|Any CPU.ActiveCfg = Release|Any CPU
		{50DD725C-8E33-4209-8309-742C6BF1BC6A}.Release|Any CPU.Build.0 = Release|Any CPU
		{C81BE9B9-D943-4982-918B-9FF3DD82EE68}.Debug|Any CPU.ActiveCfg = Debug|Any CPU
		{C81BE9B9-D943-4982-918B-9FF3DD82EE68}.Debug|Any CPU.Build.0 = Debug|Any CPU
		{C81BE9B9-D943-4982-918B-9FF3DD82EE68}.Release|Any CPU.ActiveCfg = Release|Any CPU
		{C81BE9B9-D943-4982-918B-9FF3DD82EE68}.Release|Any CPU.Build.0 = Release|Any CPU
	EndGlobalSection
	GlobalSection(SolutionProperties) = preSolution
		HideSolutionNode = FALSE
	EndGlobalSection
	GlobalSection(NestedProjects) = preSolution
		{50DD725C-8E33-4209-8309-742C6BF1BC6A} = {D14700EA-88C1-447F-B857-17E9A8E4E3AE}
		{C81BE9B9-D943-4982-918B-9FF3DD82EE68} = {B5909E03-7E00-4B64-BDEB-82850E340BF0}
	EndGlobalSection
EndGlobal
